// !$*UTF8*$!
{
	archiveVersion = 1;
	classes = {
	};
	objectVersion = 50;
	objects = {

/* Begin PBXBuildFile section */
		152199732535A39E00BDD6BD /* AppDelegate.swift in Sources */ = {isa = PBXBuildFile; fileRef = 152199722535A39E00BDD6BD /* AppDelegate.swift */; };
		152199752535A39E00BDD6BD /* SceneDelegate.swift in Sources */ = {isa = PBXBuildFile; fileRef = 152199742535A39E00BDD6BD /* SceneDelegate.swift */; };
		152199772535A39E00BDD6BD /* ViewController.swift in Sources */ = {isa = PBXBuildFile; fileRef = 152199762535A39E00BDD6BD /* ViewController.swift */; };
		1521997A2535A39E00BDD6BD /* Main.storyboard in Resources */ = {isa = PBXBuildFile; fileRef = 152199782535A39E00BDD6BD /* Main.storyboard */; };
		1521997C2535A3A000BDD6BD /* Assets.xcassets in Resources */ = {isa = PBXBuildFile; fileRef = 1521997B2535A3A000BDD6BD /* Assets.xcassets */; };
		1521997F2535A3A000BDD6BD /* LaunchScreen.storyboard in Resources */ = {isa = PBXBuildFile; fileRef = 1521997D2535A3A000BDD6BD /* LaunchScreen.storyboard */; };
		1521998A2535A3A000BDD6BD /* Dota_Heroes_ListTests.swift in Sources */ = {isa = PBXBuildFile; fileRef = 152199892535A3A000BDD6BD /* Dota_Heroes_ListTests.swift */; };
/* End PBXBuildFile section */

/* Begin PBXContainerItemProxy section */
		152199862535A3A000BDD6BD /* PBXContainerItemProxy */ = {
			isa = PBXContainerItemProxy;
			containerPortal = 152199672535A39E00BDD6BD /* Project object */;
			proxyType = 1;
			remoteGlobalIDString = 1521996E2535A39E00BDD6BD;
			remoteInfo = "Dota Heroes List";
		};
/* End PBXContainerItemProxy section */

/* Begin PBXFileReference section */
		1521996F2535A39E00BDD6BD /* Dota Heroes List.app */ = {isa = PBXFileReference; explicitFileType = wrapper.application; includeInIndex = 0; path = "Dota Heroes List.app"; sourceTree = BUILT_PRODUCTS_DIR; };
		152199722535A39E00BDD6BD /* AppDelegate.swift */ = {isa = PBXFileReference; lastKnownFileType = sourcecode.swift; path = AppDelegate.swift; sourceTree = "<group>"; };
		152199742535A39E00BDD6BD /* SceneDelegate.swift */ = {isa = PBXFileReference; lastKnownFileType = sourcecode.swift; path = SceneDelegate.swift; sourceTree = "<group>"; };
		152199762535A39E00BDD6BD /* ViewController.swift */ = {isa = PBXFileReference; lastKnownFileType = sourcecode.swift; path = ViewController.swift; sourceTree = "<group>"; };
		152199792535A39E00BDD6BD /* Base */ = {isa = PBXFileReference; lastKnownFileType = file.storyboard; name = Base; path = Base.lproj/Main.storyboard; sourceTree = "<group>"; };
		1521997B2535A3A000BDD6BD /* Assets.xcassets */ = {isa = PBXFileReference; lastKnownFileType = folder.assetcatalog; path = Assets.xcassets; sourceTree = "<group>"; };
		1521997E2535A3A000BDD6BD /* Base */ = {isa = PBXFileReference; lastKnownFileType = file.storyboard; name = Base; path = Base.lproj/LaunchScreen.storyboard; sourceTree = "<group>"; };
		152199802535A3A000BDD6BD /* Info.plist */ = {isa = PBXFileReference; lastKnownFileType = text.plist.xml; path = Info.plist; sourceTree = "<group>"; };
		152199852535A3A000BDD6BD /* Dota Heroes ListTests.xctest */ = {isa = PBXFileReference; explicitFileType = wrapper.cfbundle; includeInIndex = 0; path = "Dota Heroes ListTests.xctest"; sourceTree = BUILT_PRODUCTS_DIR; };
		152199892535A3A000BDD6BD /* Dota_Heroes_ListTests.swift */ = {isa = PBXFileReference; lastKnownFileType = sourcecode.swift; path = Dota_Heroes_ListTests.swift; sourceTree = "<group>"; };
		1521998B2535A3A000BDD6BD /* Info.plist */ = {isa = PBXFileReference; lastKnownFileType = text.plist.xml; path = Info.plist; sourceTree = "<group>"; };
/* End PBXFileReference section */

/* Begin PBXFrameworksBuildPhase section */
		1521996C2535A39E00BDD6BD /* Frameworks */ = {
			isa = PBXFrameworksBuildPhase;
			buildActionMask = 2147483647;
			files = (
			);
			runOnlyForDeploymentPostprocessing = 0;
		};
		152199822535A3A000BDD6BD /* Frameworks */ = {
			isa = PBXFrameworksBuildPhase;
			buildActionMask = 2147483647;
			files = (
			);
			runOnlyForDeploymentPostprocessing = 0;
		};
/* End PBXFrameworksBuildPhase section */

/* Begin PBXGroup section */
		152199662535A39E00BDD6BD = {
			isa = PBXGroup;
			children = (
				152199712535A39E00BDD6BD /* Dota Heroes List */,
				152199882535A3A000BDD6BD /* Dota Heroes ListTests */,
				152199702535A39E00BDD6BD /* Products */,
			);
			sourceTree = "<group>";
		};
		152199702535A39E00BDD6BD /* Products */ = {
			isa = PBXGroup;
			children = (
				1521996F2535A39E00BDD6BD /* Dota Heroes List.app */,
				152199852535A3A000BDD6BD /* Dota Heroes ListTests.xctest */,
			);
			name = Products;
			sourceTree = "<group>";
		};
		152199712535A39E00BDD6BD /* Dota Heroes List */ = {
			isa = PBXGroup;
			children = (
				152199722535A39E00BDD6BD /* AppDelegate.swift */,
				152199742535A39E00BDD6BD /* SceneDelegate.swift */,
				152199762535A39E00BDD6BD /* ViewController.swift */,
				152199782535A39E00BDD6BD /* Main.storyboard */,
				1521997B2535A3A000BDD6BD /* Assets.xcassets */,
				1521997D2535A3A000BDD6BD /* LaunchScreen.storyboard */,
				152199802535A3A000BDD6BD /* Info.plist */,
			);
			path = "Dota Heroes List";
			sourceTree = "<group>";
		};
		152199882535A3A000BDD6BD /* Dota Heroes ListTests */ = {
			isa = PBXGroup;
			children = (
				152199892535A3A000BDD6BD /* Dota_Heroes_ListTests.swift */,
				1521998B2535A3A000BDD6BD /* Info.plist */,
			);
			path = "Dota Heroes ListTests";
			sourceTree = "<group>";
		};
/* End PBXGroup section */

/* Begin PBXNativeTarget section */
		1521996E2535A39E00BDD6BD /* Dota Heroes List */ = {
			isa = PBXNativeTarget;
			buildConfigurationList = 1521998E2535A3A000BDD6BD /* Build configuration list for PBXNativeTarget "Dota Heroes List" */;
			buildPhases = (
				1521996B2535A39E00BDD6BD /* Sources */,
				1521996C2535A39E00BDD6BD /* Frameworks */,
				1521996D2535A39E00BDD6BD /* Resources */,
			);
			buildRules = (
			);
			dependencies = (
			);
			name = "Dota Heroes List";
			productName = "Dota Heroes List";
			productReference = 1521996F2535A39E00BDD6BD /* Dota Heroes List.app */;
			productType = "com.apple.product-type.application";
		};
		152199842535A3A000BDD6BD /* Dota Heroes ListTests */ = {
			isa = PBXNativeTarget;
			buildConfigurationList = 152199912535A3A000BDD6BD /* Build configuration list for PBXNativeTarget "Dota Heroes ListTests" */;
			buildPhases = (
				152199812535A3A000BDD6BD /* Sources */,
				152199822535A3A000BDD6BD /* Frameworks */,
				152199832535A3A000BDD6BD /* Resources */,
			);
			buildRules = (
			);
			dependencies = (
				152199872535A3A000BDD6BD /* PBXTargetDependency */,
			);
			name = "Dota Heroes ListTests";
			productName = "Dota Heroes ListTests";
			productReference = 152199852535A3A000BDD6BD /* Dota Heroes ListTests.xctest */;
			productType = "com.apple.product-type.bundle.unit-test";
		};
/* End PBXNativeTarget section */

/* Begin PBXProject section */
		152199672535A39E00BDD6BD /* Project object */ = {
			isa = PBXProject;
			attributes = {
				LastSwiftUpdateCheck = 1160;
				LastUpgradeCheck = 1160;
				ORGANIZATIONNAME = Yudha;
				TargetAttributes = {
					1521996E2535A39E00BDD6BD = {
						CreatedOnToolsVersion = 11.6;
					};
					152199842535A3A000BDD6BD = {
						CreatedOnToolsVersion = 11.6;
						TestTargetID = 1521996E2535A39E00BDD6BD;
					};
				};
			};
			buildConfigurationList = 1521996A2535A39E00BDD6BD /* Build configuration list for PBXProject "Dota Heroes List" */;
			compatibilityVersion = "Xcode 9.3";
			developmentRegion = en;
			hasScannedForEncodings = 0;
			knownRegions = (
				en,
				Base,
			);
			mainGroup = 152199662535A39E00BDD6BD;
			productRefGroup = 152199702535A39E00BDD6BD /* Products */;
			projectDirPath = "";
			projectRoot = "";
			targets = (
				1521996E2535A39E00BDD6BD /* Dota Heroes List */,
				152199842535A3A000BDD6BD /* Dota Heroes ListTests */,
			);
		};
/* End PBXProject section */

/* Begin PBXResourcesBuildPhase section */
		1521996D2535A39E00BDD6BD /* Resources */ = {
			isa = PBXResourcesBuildPhase;
			buildActionMask = 2147483647;
			files = (
				1521997F2535A3A000BDD6BD /* LaunchScreen.storyboard in Resources */,
				1521997C2535A3A000BDD6BD /* Assets.xcassets in Resources */,
				1521997A2535A39E00BDD6BD /* Main.storyboard in Resources */,
			);
			runOnlyForDeploymentPostprocessing = 0;
		};
		152199832535A3A000BDD6BD /* Resources */ = {
			isa = PBXResourcesBuildPhase;
			buildActionMask = 2147483647;
			files = (
			);
			runOnlyForDeploymentPostprocessing = 0;
		};
/* End PBXResourcesBuildPhase section */

/* Begin PBXSourcesBuildPhase section */
		1521996B2535A39E00BDD6BD /* Sources */ = {
			isa = PBXSourcesBuildPhase;
			buildActionMask = 2147483647;
			files = (
				152199772535A39E00BDD6BD /* ViewController.swift in Sources */,
				152199732535A39E00BDD6BD /* AppDelegate.swift in Sources */,
				152199752535A39E00BDD6BD /* SceneDelegate.swift in Sources */,
			);
			runOnlyForDeploymentPostprocessing = 0;
		};
		152199812535A3A000BDD6BD /* Sources */ = {
			isa = PBXSourcesBuildPhase;
			buildActionMask = 2147483647;
			files = (
				1521998A2535A3A000BDD6BD /* Dota_Heroes_ListTests.swift in Sources */,
			);
			runOnlyForDeploymentPostprocessing = 0;
		};
/* End PBXSourcesBuildPhase section */

/* Begin PBXTargetDependency section */
		152199872535A3A000BDD6BD /* PBXTargetDependency */ = {
			isa = PBXTargetDependency;
			target = 1521996E2535A39E00BDD6BD /* Dota Heroes List */;
			targetProxy = 152199862535A3A000BDD6BD /* PBXContainerItemProxy */;
		};
/* End PBXTargetDependency section */

/* Begin PBXVariantGroup section */
		152199782535A39E00BDD6BD /* Main.storyboard */ = {
			isa = PBXVariantGroup;
			children = (
				152199792535A39E00BDD6BD /* Base */,
			);
			name = Main.storyboard;
			sourceTree = "<group>";
		};
		1521997D2535A3A000BDD6BD /* LaunchScreen.storyboard */ = {
			isa = PBXVariantGroup;
			children = (
				1521997E2535A3A000BDD6BD /* Base */,
			);
			name = LaunchScreen.storyboard;
			sourceTree = "<group>";
		};
/* End PBXVariantGroup section */

/* Begin XCBuildConfiguration section */
		1521998C2535A3A000BDD6BD /* Debug */ = {
			isa = XCBuildConfiguration;
			buildSettings = {
				ALWAYS_SEARCH_USER_PATHS = NO;
				CLANG_ANALYZER_NONNULL = YES;
				CLANG_ANALYZER_NUMBER_OBJECT_CONVERSION = YES_AGGRESSIVE;
				CLANG_CXX_LANGUAGE_STANDARD = "gnu++14";
				CLANG_CXX_LIBRARY = "libc++";
				CLANG_ENABLE_MODULES = YES;
				CLANG_ENABLE_OBJC_ARC = YES;
				CLANG_ENABLE_OBJC_WEAK = YES;
				CLANG_WARN_BLOCK_CAPTURE_AUTORELEASING = YES;
				CLANG_WARN_BOOL_CONVERSION = YES;
				CLANG_WARN_COMMA = YES;
				CLANG_WARN_CONSTANT_CONVERSION = YES;
				CLANG_WARN_DEPRECATED_OBJC_IMPLEMENTATIONS = YES;
				CLANG_WARN_DIRECT_OBJC_ISA_USAGE = YES_ERROR;
				CLANG_WARN_DOCUMENTATION_COMMENTS = YES;
				CLANG_WARN_EMPTY_BODY = YES;
				CLANG_WARN_ENUM_CONVERSION = YES;
				CLANG_WARN_INFINITE_RECURSION = YES;
				CLANG_WARN_INT_CONVERSION = YES;
				CLANG_WARN_NON_LITERAL_NULL_CONVERSION = YES;
				CLANG_WARN_OBJC_IMPLICIT_RETAIN_SELF = YES;
				CLANG_WARN_OBJC_LITERAL_CONVERSION = YES;
				CLANG_WARN_OBJC_ROOT_CLASS = YES_ERROR;
				CLANG_WARN_RANGE_LOOP_ANALYSIS = YES;
				CLANG_WARN_STRICT_PROTOTYPES = YES;
				CLANG_WARN_SUSPICIOUS_MOVE = YES;
				CLANG_WARN_UNGUARDED_AVAILABILITY = YES_AGGRESSIVE;
				CLANG_WARN_UNREACHABLE_CODE = YES;
				CLANG_WARN__DUPLICATE_METHOD_MATCH = YES;
				COPY_PHASE_STRIP = NO;
				DEBUG_INFORMATION_FORMAT = dwarf;
				ENABLE_STRICT_OBJC_MSGSEND = YES;
				ENABLE_TESTABILITY = YES;
				GCC_C_LANGUAGE_STANDARD = gnu11;
				GCC_DYNAMIC_NO_PIC = NO;
				GCC_NO_COMMON_BLOCKS = YES;
				GCC_OPTIMIZATION_LEVEL = 0;
				GCC_PREPROCESSOR_DEFINITIONS = (
					"DEBUG=1",
					"$(inherited)",
				);
				GCC_WARN_64_TO_32_BIT_CONVERSION = YES;
				GCC_WARN_ABOUT_RETURN_TYPE = YES_ERROR;
				GCC_WARN_UNDECLARED_SELECTOR = YES;
				GCC_WARN_UNINITIALIZED_AUTOS = YES_AGGRESSIVE;
				GCC_WARN_UNUSED_FUNCTION = YES;
				GCC_WARN_UNUSED_VARIABLE = YES;
				IPHONEOS_DEPLOYMENT_TARGET = 13.6;
				MTL_ENABLE_DEBUG_INFO = INCLUDE_SOURCE;
				MTL_FAST_MATH = YES;
				ONLY_ACTIVE_ARCH = YES;
				SDKROOT = iphoneos;
				SWIFT_ACTIVE_COMPILATION_CONDITIONS = DEBUG;
				SWIFT_OPTIMIZATION_LEVEL = "-Onone";
			};
			name = Debug;
		};
		1521998D2535A3A000BDD6BD /* Release */ = {
			isa = XCBuildConfiguration;
			buildSettings = {
				ALWAYS_SEARCH_USER_PATHS = NO;
				CLANG_ANALYZER_NONNULL = YES;
				CLANG_ANALYZER_NUMBER_OBJECT_CONVERSION = YES_AGGRESSIVE;
				CLANG_CXX_LANGUAGE_STANDARD = "gnu++14";
				CLANG_CXX_LIBRARY = "libc++";
				CLANG_ENABLE_MODULES = YES;
				CLANG_ENABLE_OBJC_ARC = YES;
				CLANG_ENABLE_OBJC_WEAK = YES;
				CLANG_WARN_BLOCK_CAPTURE_AUTORELEASING = YES;
				CLANG_WARN_BOOL_CONVERSION = YES;
				CLANG_WARN_COMMA = YES;
				CLANG_WARN_CONSTANT_CONVERSION = YES;
				CLANG_WARN_DEPRECATED_OBJC_IMPLEMENTATIONS = YES;
				CLANG_WARN_DIRECT_OBJC_ISA_USAGE = YES_ERROR;
				CLANG_WARN_DOCUMENTATION_COMMENTS = YES;
				CLANG_WARN_EMPTY_BODY = YES;
				CLANG_WARN_ENUM_CONVERSION = YES;
				CLANG_WARN_INFINITE_RECURSION = YES;
				CLANG_WARN_INT_CONVERSION = YES;
				CLANG_WARN_NON_LITERAL_NULL_CONVERSION = YES;
				CLANG_WARN_OBJC_IMPLICIT_RETAIN_SELF = YES;
				CLANG_WARN_OBJC_LITERAL_CONVERSION = YES;
				CLANG_WARN_OBJC_ROOT_CLASS = YES_ERROR;
				CLANG_WARN_RANGE_LOOP_ANALYSIS = YES;
				CLANG_WARN_STRICT_PROTOTYPES = YES;
				CLANG_WARN_SUSPICIOUS_MOVE = YES;
				CLANG_WARN_UNGUARDED_AVAILABILITY = YES_AGGRESSIVE;
				CLANG_WARN_UNREACHABLE_CODE = YES;
				CLANG_WARN__DUPLICATE_METHOD_MATCH = YES;
				COPY_PHASE_STRIP = NO;
				DEBUG_INFORMATION_FORMAT = "dwarf-with-dsym";
				ENABLE_NS_ASSERTIONS = NO;
				ENABLE_STRICT_OBJC_MSGSEND = YES;
				GCC_C_LANGUAGE_STANDARD = gnu11;
				GCC_NO_COMMON_BLOCKS = YES;
				GCC_WARN_64_TO_32_BIT_CONVERSION = YES;
				GCC_WARN_ABOUT_RETURN_TYPE = YES_ERROR;
				GCC_WARN_UNDECLARED_SELECTOR = YES;
				GCC_WARN_UNINITIALIZED_AUTOS = YES_AGGRESSIVE;
				GCC_WARN_UNUSED_FUNCTION = YES;
				GCC_WARN_UNUSED_VARIABLE = YES;
				IPHONEOS_DEPLOYMENT_TARGET = 13.6;
				MTL_ENABLE_DEBUG_INFO = NO;
				MTL_FAST_MATH = YES;
				SDKROOT = iphoneos;
				SWIFT_COMPILATION_MODE = wholemodule;
				SWIFT_OPTIMIZATION_LEVEL = "-O";
				VALIDATE_PRODUCT = YES;
			};
			name = Release;
		};
		1521998F2535A3A000BDD6BD /* Debug */ = {
			isa = XCBuildConfiguration;
			buildSettings = {
				ASSETCATALOG_COMPILER_APPICON_NAME = AppIcon;
				CODE_SIGN_STYLE = Automatic;
				DEVELOPMENT_TEAM = BQSC4G822R;
				INFOPLIST_FILE = "Dota Heroes List/Info.plist";
				LD_RUNPATH_SEARCH_PATHS = (
					"$(inherited)",
					"@executable_path/Frameworks",
				);
				PRODUCT_BUNDLE_IDENTIFIER = "Yudha.Dota-Heroes-List";
				PRODUCT_NAME = "$(TARGET_NAME)";
				SWIFT_VERSION = 5.0;
				TARGETED_DEVICE_FAMILY = "1,2";
			};
			name = Debug;
		};
		152199902535A3A000BDD6BD /* Release */ = {
			isa = XCBuildConfiguration;
			buildSettings = {
				ASSETCATALOG_COMPILER_APPICON_NAME = AppIcon;
				CODE_SIGN_STYLE = Automatic;
				DEVELOPMENT_TEAM = BQSC4G822R;
				INFOPLIST_FILE = "Dota Heroes List/Info.plist";
				LD_RUNPATH_SEARCH_PATHS = (
					"$(inherited)",
					"@executable_path/Frameworks",
				);
				PRODUCT_BUNDLE_IDENTIFIER = "Yudha.Dota-Heroes-List";
				PRODUCT_NAME = "$(TARGET_NAME)";
				SWIFT_VERSION = 5.0;
				TARGETED_DEVICE_FAMILY = "1,2";
			};
			name = Release;
		};
		152199922535A3A000BDD6BD /* Debug */ = {
			isa = XCBuildConfiguration;
			buildSettings = {
				ALWAYS_EMBED_SWIFT_STANDARD_LIBRARIES = YES;
				BUNDLE_LOADER = "$(TEST_HOST)";
				CODE_SIGN_STYLE = Automatic;
				DEVELOPMENT_TEAM = BQSC4G822R;
				INFOPLIST_FILE = "Dota Heroes ListTests/Info.plist";
				IPHONEOS_DEPLOYMENT_TARGET = 13.6;
				LD_RUNPATH_SEARCH_PATHS = (
					"$(inherited)",
					"@executable_path/Frameworks",
					"@loader_path/Frameworks",
				);
				PRODUCT_BUNDLE_IDENTIFIER = "Yudha.Dota-Heroes-ListTests";
				PRODUCT_NAME = "$(TARGET_NAME)";
				SWIFT_VERSION = 5.0;
				TARGETED_DEVICE_FAMILY = "1,2";
				TEST_HOST = "$(BUILT_PRODUCTS_DIR)/Dota Heroes List.app/Dota Heroes List";
			};
			name = Debug;
		};
		152199932535A3A000BDD6BD /* Release */ = {
			isa = XCBuildConfiguration;
			buildSettings = {
				ALWAYS_EMBED_SWIFT_STANDARD_LIBRARIES = YES;
				BUNDLE_LOADER = "$(TEST_HOST)";
				CODE_SIGN_STYLE = Automatic;
				DEVELOPMENT_TEAM = BQSC4G822R;
				INFOPLIST_FILE = "Dota Heroes ListTests/Info.plist";
				IPHONEOS_DEPLOYMENT_TARGET = 13.6;
				LD_RUNPATH_SEARCH_PATHS = (
					"$(inherited)",
					"@executable_path/Frameworks",
					"@loader_path/Frameworks",
				);
				PRODUCT_BUNDLE_IDENTIFIER = "Yudha.Dota-Heroes-ListTests";
				PRODUCT_NAME = "$(TARGET_NAME)";
				SWIFT_VERSION = 5.0;
				TARGETED_DEVICE_FAMILY = "1,2";
				TEST_HOST = "$(BUILT_PRODUCTS_DIR)/Dota Heroes List.app/Dota Heroes List";
			};
			name = Release;
		};
/* End XCBuildConfiguration section */

/* Begin XCConfigurationList section */
		1521996A2535A39E00BDD6BD /* Build configuration list for PBXProject "Dota Heroes List" */ = {
			isa = XCConfigurationList;
			buildConfigurations = (
				1521998C2535A3A000BDD6BD /* Debug */,
				1521998D2535A3A000BDD6BD /* Release */,
			);
			defaultConfigurationIsVisible = 0;
			defaultConfigurationName = Release;
		};
		1521998E2535A3A000BDD6BD /* Build configuration list for PBXNativeTarget "Dota Heroes List" */ = {
			isa = XCConfigurationList;
			buildConfigurations = (
				1521998F2535A3A000BDD6BD /* Debug */,
				152199902535A3A000BDD6BD /* Release */,
			);
			defaultConfigurationIsVisible = 0;
			defaultConfigurationName = Release;
		};
		152199912535A3A000BDD6BD /* Build configuration list for PBXNativeTarget "Dota Heroes ListTests" */ = {
			isa = XCConfigurationList;
			buildConfigurations = (
				152199922535A3A000BDD6BD /* Debug */,
				152199932535A3A000BDD6BD /* Release */,
			);
			defaultConfigurationIsVisible = 0;
			defaultConfigurationName = Release;
		};
/* End XCConfigurationList section */
	};
	rootObject = 152199672535A39E00BDD6BD /* Project object */;
}
