PODS:
  - Alamofire (5.2.2)
  - Blueprints (0.13.1)
  - Differentiator (4.0.1)
  - DropDown (2.3.13)
  - Kingfisher (5.15.6):
    - Kingfisher/Core (= 5.15.6)
  - Kingfisher/Core (5.15.6)
  - Realm (4.4.0):
    - Realm/Headers (= 4.4.0)
  - Realm/Headers (4.4.0)
  - RealmSwift (4.4.0):
    - Realm (= 4.4.0)
  - RxCocoa (5.1.1):
    - RxRelay (~> 5)
    - RxSwift (~> 5)
  - RxDataSources (4.0.1):
    - Differentiator (~> 4.0)
    - RxCocoa (~> 5.0)
    - RxSwift (~> 5.0)
  - RxRelay (5.1.1):
    - RxSwift (~> 5)
  - RxSwift (5.1.1)
  - SwiftyJSON (5.0.0)

DEPENDENCIES:
  - Alamofire
  - Blueprints
  - DropDown
  - Kingfisher
  - RealmSwift (= 4.4.0)
  - RxCocoa
  - RxDataSources
  - RxSwift
  - SwiftyJSON

SPEC REPOS:
  trunk:
    - Alamofire
    - Blueprints
    - Differentiator
    - DropDown
    - Kingfisher
    - Realm
    - RealmSwift
    - RxCocoa
    - RxDataSources
    - RxRelay
    - RxSwift
    - SwiftyJSON

SPEC CHECKSUMS:
  Alamofire: 814429acc853c6c54ff123fc3d2ef66803823ce0
  Blueprints: ddd6ab1e455c98471aaef2fdd0b09b5f9b53af5b
  Differentiator: 886080237d9f87f322641dedbc5be257061b0602
  DropDown: 8a2116376c1981888557f72ec2ffc9a5e0e456ec
  Kingfisher: b3554e7bf6106115b44e8795300bad580ef2fdc7
  Realm: e125f464884cda953ebefe70c671b75b03b81b9b
  RealmSwift: 33656a42bd300959a081fc13347376bc478071af
  RxCocoa: 32065309a38d29b5b0db858819b5bf9ef038b601
  RxDataSources: efee07fa4de48477eca0a4611e6d11e2da9c1114
  RxRelay: d77f7d771495f43c556cbc43eebd1bb54d01e8e9
  RxSwift: 81470a2074fa8780320ea5fe4102807cb7118178
  SwiftyJSON: 36413e04c44ee145039d332b4f4e2d3e8d6c4db7

PODFILE CHECKSUM: 013f6d82d813845c3e525e4af5ca73abf6a90ff0

COCOAPODS: 1.9.1
